{
  "nodes": {
    "nixCats": {
      "locked": {
        "lastModified": 1767604651,
        "narHash": "sha256-itAnxzTpWpY1s3LA/oNngOuZDXT5U5JUZP5fApwx9gs=",
        "owner": "BirdeeHub",
        "repo": "nixCats-nvim",
        "rev": "3c9bc4d7123e1b48d92f25ba505b889af541e897",
        "type": "github"
      },
      "original": {
        "owner": "BirdeeHub",
        "repo": "nixCats-nvim",
        "type": "github"
      }
    },
    "nixpkgs": {
      "locked": {
        "lastModified": 1768395095,
        "narHash": "sha256-ZhuYJbwbZT32QA95tSkXd9zXHcdZj90EzHpEXBMabaw=",
        "owner": "nixos",
        "repo": "nixpkgs",
        "rev": "13868c071cc73a5e9f610c47d7bb08e5da64fdd5",
        "type": "github"
      },
      "original": {
        "owner": "nixos",
        "ref": "nixpkgs-unstable",
        "repo": "nixpkgs",
        "type": "github"
      }
    },
    "root": {
      "inputs": {
        "nixCats": "nixCats",
        "nixpkgs": "nixpkgs",
        "rust-overlay": "rust-overlay"
      }
    },
    "rust-overlay": {
      "inputs": {
        "nixpkgs": [
          "nixpkgs"
        ]
      },
      "locked": {
        "lastModified": 1768704795,
        "narHash": "sha256-Y33TAp2BHEcuspYvcmBXXD0qdvjftv73PwyKTDOjoSY=",
        "owner": "oxalica",
        "repo": "rust-overlay",
        "rev": "4b7472a78857ac789fb26616040f55cfcbd36c6e",
        "type": "github"
      },
      "original": {
        "owner": "oxalica",
        "repo": "rust-overlay",
        "type": "github"
      }
    }
  },
  "root": "root",
  "version": 7
}
